
Microsoft Visual Studio Solution File, Format Version 12.00
# Visual Studio Version 17
VisualStudioVersion = 17.5.33516.290
MinimumVisualStudioVersion = 10.0.40219.1
Project("{FAE04EC0-301F-11D3-BF4B-00C04F79EFBC}") = "CreditCardValidationUI", "CreditCardValidationUI.csproj", "{DBCD5B65-94BD-47BA-9A25-C75BA09AD753}"
EndProject
Global
	GlobalSection(SolutionConfigurationPlatforms) = preSolution
		Debug|Any CPU = Debug|Any CPU
		Release|Any CPU = Release|Any CPU
	EndGlobalSection
	GlobalSection(ProjectConfigurationPlatforms) = postSolution
		{DBCD5B65-94BD-47BA-9A25-C75BA09AD753}.Debug|Any CPU.ActiveCfg = Debug|Any CPU
		{DBCD5B65-94BD-47BA-9A25-C75BA09AD753}.Debug|Any CPU.Build.0 = Debug|Any CPU
		{DBCD5B65-94BD-47BA-9A25-C75BA09AD753}.Release|Any CPU.ActiveCfg = Release|Any CPU
		{DBCD5B65-94BD-47BA-9A25-C75BA09AD753}.Release|Any CPU.Build.0 = Release|Any CPU
	EndGlobalSection
	GlobalSection(SolutionProperties) = preSolution
		HideSolutionNode = FALSE
	EndGlobalSection
	GlobalSection(ExtensibilityGlobals) = postSolution
		SolutionGuid = {A4FAD886-6FA5-4DFE-A40E-25251B48F65E}
	EndGlobalSection
EndGlobal
