
Microsoft Visual Studio Solution File, Format Version 12.00
# Visual Studio Version 17
VisualStudioVersion = 17.5.33516.290
MinimumVisualStudioVersion = 10.0.40219.1
Project("{9A19103F-16F7-4668-BE54-9A1E7A4F7556}") = "CreditCardValidationApi", "CreditCardValidationApi.csproj", "{1ED5C268-AA76-4BBE-8131-A86E94088B83}"
EndProject
Project("{9A19103F-16F7-4668-BE54-9A1E7A4F7556}") = "CreditCardValidationBL", "..\CreditCardValidationBL\CreditCardValidationBL.csproj", "{9B1FAE89-2952-4F45-8166-F7C7440E84E4}"
EndProject
Project("{FAE04EC0-301F-11D3-BF4B-00C04F79EFBC}") = "CreditCardValidationTests", "..\CreditCardValidationTests\CreditCardValidationTests.csproj", "{D3EFA823-2824-48C8-8AB6-20460A5BD853}"
EndProject
Global
	GlobalSection(SolutionConfigurationPlatforms) = preSolution
		Debug|Any CPU = Debug|Any CPU
		Release|Any CPU = Release|Any CPU
	EndGlobalSection
	GlobalSection(ProjectConfigurationPlatforms) = postSolution
		{1ED5C268-AA76-4BBE-8131-A86E94088B83}.Debug|Any CPU.ActiveCfg = Debug|Any CPU
		{1ED5C268-AA76-4BBE-8131-A86E94088B83}.Debug|Any CPU.Build.0 = Debug|Any CPU
		{1ED5C268-AA76-4BBE-8131-A86E94088B83}.Release|Any CPU.ActiveCfg = Release|Any CPU
		{1ED5C268-AA76-4BBE-8131-A86E94088B83}.Release|Any CPU.Build.0 = Release|Any CPU
		{9B1FAE89-2952-4F45-8166-F7C7440E84E4}.Debug|Any CPU.ActiveCfg = Debug|Any CPU
		{9B1FAE89-2952-4F45-8166-F7C7440E84E4}.Debug|Any CPU.Build.0 = Debug|Any CPU
		{9B1FAE89-2952-4F45-8166-F7C7440E84E4}.Release|Any CPU.ActiveCfg = Release|Any CPU
		{9B1FAE89-2952-4F45-8166-F7C7440E84E4}.Release|Any CPU.Build.0 = Release|Any CPU
		{D3EFA823-2824-48C8-8AB6-20460A5BD853}.Debug|Any CPU.ActiveCfg = Debug|Any CPU
		{D3EFA823-2824-48C8-8AB6-20460A5BD853}.Debug|Any CPU.Build.0 = Debug|Any CPU
		{D3EFA823-2824-48C8-8AB6-20460A5BD853}.Release|Any CPU.ActiveCfg = Release|Any CPU
		{D3EFA823-2824-48C8-8AB6-20460A5BD853}.Release|Any CPU.Build.0 = Release|Any CPU
	EndGlobalSection
	GlobalSection(SolutionProperties) = preSolution
		HideSolutionNode = FALSE
	EndGlobalSection
	GlobalSection(ExtensibilityGlobals) = postSolution
		SolutionGuid = {1F38C4AF-A740-46A7-A7A4-7622F514313E}
	EndGlobalSection
EndGlobal
